{
    "_meta": {
        "hash": {
            "sha256": "fbe779980933f51685429564669d5a78e351adb432a874e1d8ed371ead710c12"
        },
        "pipfile-spec": 6,
        "requires": {
            "python_full_version": "3.10.6",
            "python_version": "3.10"
        },
        "sources": [
            {
                "name": "pypi",
                "url": "http://mirrors.aliyun.com/pypi/simple/ ",
                "verify_ssl": true
            }
        ]
    },
    "default": {},
    "develop": {}
}
